
Microsoft Visual Studio Solution File, Format Version 12.00
# Visual Studio Version 17
VisualStudioVersion = 17.0.31903.59
MinimumVisualStudioVersion = 10.0.40219.1
Project("{FAE04EC0-301F-11D3-BF4B-00C04F79EFBC}") = "example-0022", "example-0022\example-0022.csproj", "{39ABB8D9-5414-4EA9-A6D0-43CBA8515EB9}"
EndProject
Global
	GlobalSection(SolutionConfigurationPlatforms) = preSolution
		Debug|Any CPU = Debug|Any CPU
		Release|Any CPU = Release|Any CPU
	EndGlobalSection
	GlobalSection(SolutionProperties) = preSolution
		HideSolutionNode = FALSE
	EndGlobalSection
	GlobalSection(ProjectConfigurationPlatforms) = postSolution
		{39ABB8D9-5414-4EA9-A6D0-43CBA8515EB9}.Debug|Any CPU.ActiveCfg = Debug|Any CPU
		{39ABB8D9-5414-4EA9-A6D0-43CBA8515EB9}.Debug|Any CPU.Build.0 = Debug|Any CPU
		{39ABB8D9-5414-4EA9-A6D0-43CBA8515EB9}.Release|Any CPU.ActiveCfg = Release|Any CPU
		{39ABB8D9-5414-4EA9-A6D0-43CBA8515EB9}.Release|Any CPU.Build.0 = Release|Any CPU
	EndGlobalSection
EndGlobal
